{
    "_readme": [
        "This file locks the dependencies of your project to a known state",
        "Read more about it at http://getcomposer.org/doc/01-basic-usage.md#composer-lock-the-lock-file",
        "This file is @generated automatically"
    ],
    "hash": "2a79c92d877cae11bdba6d055d08675a",
    "packages": [
        {
            "name": "adldap/adldap",
            "version": "v4.0-stable",
            "source": {
                "type": "git",
                "url": "https://github.com/ztec/adLDAP.git",
                "reference": "43bca164cde8f5a98e054e1aea53406aa3b805cc"
            },
            "dist": {
                "type": "zip",
                "url": "https://api.github.com/repos/ztec/adLDAP/zipball/43bca164cde8f5a98e054e1aea53406aa3b805cc",
                "reference": "43bca164cde8f5a98e054e1aea53406aa3b805cc",
                "shasum": ""
            },
            "require": {
                "php": ">=5.2.4"
            },
            "suggest": {
                "ext-ldap": "*"
            },
            "type": "library",
            "autoload": {
                "psr-0": {
                    "adLDAP": "lib/"
                }
            },
            "notification-url": "https://packagist.org/downloads/",
            "license": [
                "GNU"
            ],
            "authors": [
                {
                    "name": "Richard Hyland",
                    "email": "adldap@richardhyland.com",
                    "role": "Developer"
                }
            ],
            "description": "adLDAP, low-level library to query Active directory",
            "homepage": "http://adldap.sourceforge.net",
            "keywords": [
                "active directory",
                "ldap",
                "windows"
            ],
            "time": "2013-08-29 14:08:57"
        },
        {
            "name": "anroots/menu",
            "version": "3.1.0",
            "source": {
                "type": "git",
                "url": "https://github.com/anroots/kohana-menu.git",
                "reference": "d233c11d977bde48eabb6b7795003b909778fa8c"
            },
            "dist": {
                "type": "zip",
                "url": "https://api.github.com/repos/anroots/kohana-menu/zipball/d233c11d977bde48eabb6b7795003b909778fa8c",
                "reference": "d233c11d977bde48eabb6b7795003b909778fa8c",
                "shasum": ""
            },
            "require": {
                "composer/installers": "*",
                "php": ">=5.4.0"
            },
            "type": "kohana-module",
            "notification-url": "https://packagist.org/downloads/",
            "license": [
                "MIT"
            ],
            "authors": [
                {
                    "name": "Ando Roots",
                    "email": "ando@sqroot.eu",
                    "homepage": "http://sqroot.eu",
                    "role": "Developer"
                },
                {
                    "name": "Bastian Bräu",
                    "email": "mail@bftmedia.de",
                    "homepage": "http://bftmedia.de",
                    "role": "Developer"
                }
            ],
            "description": "A Kohana module to help with building HTML navigation menus",
            "homepage": "https://github.com/anroots/kohana-menu",
            "keywords": [
                "kohana",
                "kohana module",
                "menu",
                "navigation"
            ],
            "time": "2013-06-24 10:27:20"
        },
        {
            "name": "composer/installers",
            "version": "v1.0.18",
            "source": {
                "type": "git",
                "url": "https://github.com/composer/installers.git",
                "reference": "74fb0a7a1a23696d9c8cc2fba5903f6711cdd067"
            },
            "dist": {
                "type": "zip",
                "url": "https://api.github.com/repos/composer/installers/zipball/74fb0a7a1a23696d9c8cc2fba5903f6711cdd067",
                "reference": "74fb0a7a1a23696d9c8cc2fba5903f6711cdd067",
                "shasum": ""
            },
            "replace": {
                "roundcube/plugin-installer": "*",
                "shama/baton": "*"
            },
            "require-dev": {
                "composer/composer": "1.0.*@dev",
                "phpunit/phpunit": "4.1.*"
            },
            "type": "composer-installer",
            "extra": {
                "class": "Composer\\Installers\\Installer",
                "branch-alias": {
                    "dev-master": "1.0-dev"
                }
            },
            "autoload": {
                "psr-0": {
                    "Composer\\Installers\\": "src/"
                }
            },
            "notification-url": "https://packagist.org/downloads/",
            "license": [
                "MIT"
            ],
            "authors": [
                {
                    "name": "Kyle Robinson Young",
                    "email": "kyle@dontkry.com",
                    "homepage": "https://github.com/shama"
                }
            ],
            "description": "A multi-framework Composer library installer",
            "homepage": "http://composer.github.com/installers/",
            "keywords": [
                "Craft",
                "Dolibarr",
                "Hurad",
                "MODX Evo",
                "OXID",
                "WolfCMS",
                "agl",
                "annotatecms",
                "bitrix",
                "cakephp",
                "chef",
                "codeigniter",
                "concrete5",
                "croogo",
                "drupal",
                "elgg",
                "fuelphp",
                "installer",
                "joomla",
                "kohana",
                "laravel",
                "lithium",
                "magento",
                "mako",
                "mediawiki",
                "modulework",
                "moodle",
                "phpbb",
                "piwik",
                "ppi",
                "puppet",
                "roundcube",
                "shopware",
                "silverstripe",
                "symfony",
                "typo3",
                "wordpress",
                "zend",
                "zikula"
            ],
            "time": "2014-08-18 20:00:12"
        },
        {
            "name": "hautelook/phpass",
            "version": "dev-master",
            "source": {
                "type": "git",
                "url": "https://github.com/hautelook/phpass.git",
                "reference": "09463d13a673999f3432461e5dbde535766901da"
            },
            "dist": {
                "type": "zip",
                "url": "https://api.github.com/repos/hautelook/phpass/zipball/09463d13a673999f3432461e5dbde535766901da",
                "reference": "09463d13a673999f3432461e5dbde535766901da",
                "shasum": ""
            },
            "require": {
                "php": ">=5.3.3"
            },
            "type": "library",
            "autoload": {
                "psr-0": {
                    "Hautelook": "src/"
                }
            },
            "notification-url": "https://packagist.org/downloads/",
            "license": [
                "Public Domain"
            ],
            "authors": [
                {
                    "name": "Solar Designer",
                    "email": "solar@openwall.com",
                    "homepage": "http://openwall.com/phpass/"
                }
            ],
            "description": "Portable PHP password hashing framework",
            "homepage": "http://github.com/hautelook/phpass/",
            "keywords": [
                "blowfish",
                "crypt",
                "password",
                "security"
            ],
            "time": "2014-07-18 03:04:01"
        },
        {
            "name": "kohana-minion/tasks-cache",
            "version": "3.3.x-dev",
            "source": {
                "type": "git",
                "url": "https://github.com/samwilson/tasks-cache.git",
                "reference": "a6d4eed59539728f8a8b9ca74c07b08e9d89c290"
            },
            "dist": {
                "type": "zip",
                "url": "https://api.github.com/repos/samwilson/tasks-cache/zipball/a6d4eed59539728f8a8b9ca74c07b08e9d89c290",
                "reference": "a6d4eed59539728f8a8b9ca74c07b08e9d89c290",
                "shasum": ""
            },
            "require": {
                "kohana/cache": "v3.3.1",
                "kohana/minion": "v3.3.1"
            },
            "type": "library",
            "license": [
                "BSD-3-Clause"
            ],
            "authors": [
                {
                    "name": "Matt Button",
                    "email": "matthew@sigswitch.com"
                }
            ],
            "description": "Cache tasks for the Kohana-Minion CLI framework.",
            "support": {
                "source": "https://github.com/samwilson/tasks-cache/tree/3.3"
            },
            "time": "2014-01-28 05:48:34"
        },
        {
            "name": "kohana/auth",
            "version": "v3.3.2",
            "source": {
                "type": "git",
                "url": "https://github.com/kohana/auth.git",
                "reference": "4ebae51874fe1be24b64d14b4d9691d3dbf6d043"
            },
            "dist": {
                "type": "zip",
                "url": "https://api.github.com/repos/kohana/auth/zipball/4ebae51874fe1be24b64d14b4d9691d3dbf6d043",
                "reference": "4ebae51874fe1be24b64d14b4d9691d3dbf6d043",
                "shasum": ""
            },
            "require": {
                "composer/installers": "~1.0",
                "kohana/core": ">=3.3",
                "php": ">=5.3.3"
            },
            "type": "kohana-module",
            "extra": {
                "branch-alias": {
                    "dev-3.3/develop": "3.3.x-dev",
                    "dev-3.4/develop": "3.4.x-dev"
                }
            },
            "notification-url": "https://packagist.org/downloads/",
            "license": [
                "BSD-3-Clause"
            ],
            "authors": [
                {
                    "name": "Kohana Team",
                    "email": "team@kohanaframework.org",
                    "homepage": "http://kohanaframework.org/team",
                    "role": "developer"
                }
            ],
            "description": "The official Kohana auth module",
            "homepage": "http://kohanaframework.org",
            "keywords": [
                "Authentication",
                "framework",
                "kohana"
            ],
            "time": "2013-08-26 02:03:17"
        },
        {
            "name": "kohana/cache",
            "version": "v3.3.1",
            "source": {
                "type": "git",
                "url": "https://github.com/kohana/cache.git",
                "reference": "dd846582f50526964426a8a5106248acc0b63cfa"
            },
            "dist": {
                "type": "zip",
                "url": "https://api.github.com/repos/kohana/cache/zipball/dd846582f50526964426a8a5106248acc0b63cfa",
                "reference": "dd846582f50526964426a8a5106248acc0b63cfa",
                "shasum": ""
            },
            "require": {
                "composer/installers": "~1.0",
                "kohana/core": ">=3.3",
                "php": ">=5.3.3"
            },
            "type": "kohana-module",
            "extra": {
                "branch-alias": {
                    "dev-3.3/develop": "3.3.x-dev",
                    "dev-3.4/develop": "3.4.x-dev"
                }
            },
            "notification-url": "https://packagist.org/downloads/",
            "license": [
                "BSD-3-Clause"
            ],
            "authors": [
                {
                    "name": "Kohana Team",
                    "email": "team@kohanaframework.org",
                    "homepage": "http://kohanaframework.org/team",
                    "role": "developer"
                }
            ],
            "description": "The official Kohana cache management module",
            "homepage": "http://kohanaframework.org",
            "keywords": [
                "cache",
                "framework",
                "kohana"
            ],
            "time": "2013-08-26 02:05:24"
        },
        {
            "name": "kohana/core",
            "version": "v3.3.2",
            "source": {
                "type": "git",
                "url": "https://github.com/kohana/core.git",
                "reference": "3025781e57cecea871f326f03a8daed9a826eda4"
            },
            "dist": {
                "type": "zip",
                "url": "https://api.github.com/repos/kohana/core/zipball/3025781e57cecea871f326f03a8daed9a826eda4",
                "reference": "3025781e57cecea871f326f03a8daed9a826eda4",
                "shasum": ""
            },
            "require": {
                "php": ">=5.3.3"
            },
            "suggest": {
                "ext-curl": "*",
                "ext-http": "*",
                "ext-mcrypt": "*"
            },
            "type": "library",
            "extra": {
                "branch-alias": {
                    "dev-3.3/develop": "3.3.x-dev",
                    "dev-3.4/develop": "3.4.x-dev"
                }
            },
            "notification-url": "https://packagist.org/downloads/",
            "license": [
                "BSD-3-Clause"
            ],
            "authors": [
                {
                    "name": "Kohana Team",
                    "email": "team@kohanaframework.org",
                    "homepage": "http://kohanaframework.org/team",
                    "role": "developer"
                }
            ],
            "description": "Core system classes for the Kohana application framework",
            "homepage": "http://kohanaframework.org",
            "keywords": [
                "framework",
                "kohana"
            ],
            "time": "2014-03-05 17:43:27"
        },
        {
            "name": "kohana/database",
            "version": "v3.3.2",
            "source": {
                "type": "git",
                "url": "https://github.com/kohana/database.git",
                "reference": "3d7a7cdf00aabf25b6eed46f4ea45917adaecbc8"
            },
            "dist": {
                "type": "zip",
                "url": "https://api.github.com/repos/kohana/database/zipball/3d7a7cdf00aabf25b6eed46f4ea45917adaecbc8",
                "reference": "3d7a7cdf00aabf25b6eed46f4ea45917adaecbc8",
                "shasum": ""
            },
            "require": {
                "composer/installers": "~1.0",
                "kohana/core": ">=3.3",
                "php": ">=5.3.3"
            },
            "suggest": {
                "ext-mysql": "*",
                "ext-pdo": "*"
            },
            "type": "kohana-module",
            "extra": {
                "branch-alias": {
                    "dev-3.3/develop": "3.3.x-dev",
                    "dev-3.4/develop": "3.4.x-dev"
                }
            },
            "notification-url": "https://packagist.org/downloads/",
            "license": [
                "BSD-3-Clause"
            ],
            "authors": [
                {
                    "name": "Kohana Team",
                    "email": "team@kohanaframework.org",
                    "homepage": "http://kohanaframework.org/team",
                    "role": "developer"
                }
            ],
            "description": "The official Kohana module for database interactions, building queries, and prepared statements",
            "homepage": "http://kohanaframework.org",
            "keywords": [
                "database",
                "framework",
                "kohana"
            ],
            "time": "2013-08-26 02:07:34"
        },
        {
            "name": "kohana/minion",
            "version": "v3.3.1",
            "source": {
                "type": "git",
                "url": "https://github.com/kohana/minion.git",
                "reference": "cfa623256287ff664bc72372caad02fe2f8a145b"
            },
            "dist": {
                "type": "zip",
                "url": "https://api.github.com/repos/kohana/minion/zipball/cfa623256287ff664bc72372caad02fe2f8a145b",
                "reference": "cfa623256287ff664bc72372caad02fe2f8a145b",
                "shasum": ""
            },
            "require": {
                "composer/installers": "~1.0",
                "kohana/core": ">=3.3",
                "php": ">=5.3.3"
            },
            "type": "kohana-module",
            "extra": {
                "branch-alias": {
                    "dev-3.3/develop": "3.3.x-dev",
                    "dev-3.4/develop": "3.4.x-dev"
                }
            },
            "notification-url": "https://packagist.org/downloads/",
            "license": [
                "BSD-3-Clause"
            ],
            "authors": [
                {
                    "name": "Kohana Team",
                    "email": "team@kohanaframework.org",
                    "homepage": "http://kohanaframework.org/team",
                    "role": "developer"
                }
            ],
            "description": "The official kohana module for running tasks via the CLI",
            "homepage": "http://kohanaframework.org",
            "keywords": [
                "framework",
                "kohana",
                "task"
            ],
            "time": "2013-08-26 02:09:55"
        },
        {
            "name": "samwilson/kohana_kadldap",
            "version": "1.0.0",
            "source": {
                "type": "git",
                "url": "https://github.com/samwilson/kohana_kadldap.git",
                "reference": "f6741a16c47cac7c06f378b92cfd25ade655d8b0"
            },
            "dist": {
                "type": "zip",
                "url": "https://api.github.com/repos/samwilson/kohana_kadldap/zipball/f6741a16c47cac7c06f378b92cfd25ade655d8b0",
                "reference": "f6741a16c47cac7c06f378b92cfd25ade655d8b0",
                "shasum": ""
            },
            "require": {
                "adldap/adldap": "v4.0-stable"
            },
            "type": "kohana-module",
            "notification-url": "https://packagist.org/downloads/",
            "license": [
                "MIT"
            ],
            "description": "Kohana wrapper module for adLDAP.",
            "time": "2013-09-04 07:28:09"
        },
        {
            "name": "shadowhand/pagination",
            "version": "dev-composer",
            "source": {
                "type": "git",
                "url": "https://github.com/samwilson/pagination.git",
                "reference": "5c27ff966a039374ea2ab2dbf741c3ecb94f3aa0"
            },
            "dist": {
                "type": "zip",
                "url": "https://api.github.com/repos/samwilson/pagination/zipball/5c27ff966a039374ea2ab2dbf741c3ecb94f3aa0",
                "reference": "5c27ff966a039374ea2ab2dbf741c3ecb94f3aa0",
                "shasum": ""
            },
            "require": {
                "composer/installers": "~1.0",
                "kohana/core": ">=3.3",
                "php": ">=5.3.3"
            },
            "type": "kohana-module",
            "extra": {
                "branch-alias": {
                    "dev-3.2/develop": "3.2.x-dev",
                    "dev-3.3/develop": "3.3.x-dev"
                }
            },
            "license": [
                "BSD-3-Clause"
            ],
            "authors": [
                {
                    "name": "Woody Gilk (shadowhand)",
                    "email": "woody@wingsc.com",
                    "homepage": "http://wingsc.com/",
                    "role": "developer"
                }
            ],
            "description": "A Kohana module for pagination.",
            "homepage": "http://kohanaframework.org",
            "keywords": [
                "kohana",
                "pagination"
            ],
            "support": {
                "forum": "http://forum.kohanaframework.org",
                "irc": "irc://irc.freenode.net/kohana",
                "source": "https://github.com/shadowhand/pagination"
            },
            "time": "2013-09-05 00:16:23"
        },
        {
            "name": "zeelot/kohana-media",
            "version": "dev-1.3/develop",
            "source": {
                "type": "git",
                "url": "https://github.com/Zeelot/kohana-media.git",
                "reference": "2f657c028d6c875017fd37d6b8d1fa3d2e3fe35e"
            },
            "dist": {
                "type": "zip",
                "url": "https://api.github.com/repos/Zeelot/kohana-media/zipball/2f657c028d6c875017fd37d6b8d1fa3d2e3fe35e",
                "reference": "2f657c028d6c875017fd37d6b8d1fa3d2e3fe35e",
                "shasum": ""
            },
            "require": {
                "kohana/core": ">=3.3",
                "php": ">=5.3.3"
            },
            "type": "library",
            "extra": {
                "branch-alias": {
                    "dev-1.3/develop": "1.3.x-dev"
                }
            },
            "notification-url": "https://packagist.org/downloads/",
            "license": [
                "BSD-3-Clause"
            ],
            "authors": [
                {
                    "name": "Lorenzo Pisani",
                    "email": "zeelot3k@gmail.com",
                    "homepage": "http://zeelot3k.com",
                    "role": "developer"
                },
                {
                    "name": "Contributors",
                    "homepage": "https://github.com/Zeelot/kohana-media/graphs/contributors",
                    "role": "contributor"
                }
            ],
            "description": "Using the Kohana cascading file system to serve media assets",
            "homepage": "https://github.com/Zeelot/kohana-media",
            "keywords": [
                "assets",
                "caching",
                "cfs",
                "files",
                "framework",
                "kohana",
                "media"
            ],
            "time": "2014-04-26 16:15:53"
        }
    ],
    "packages-dev": [
        {
            "name": "kohana/coding-standards",
            "version": "v0.2.0",
            "source": {
                "type": "git",
                "url": "https://github.com/kohana/coding-standards.git",
                "reference": "5cbecdfce7f238c59d3eeb12fd5d4457e1b05c30"
            },
            "dist": {
                "type": "zip",
                "url": "https://api.github.com/repos/kohana/coding-standards/zipball/5cbecdfce7f238c59d3eeb12fd5d4457e1b05c30",
                "reference": "5cbecdfce7f238c59d3eeb12fd5d4457e1b05c30",
                "shasum": ""
            },
            "require": {
                "squizlabs/php_codesniffer": "1.*"
            },
            "type": "library",
            "notification-url": "https://packagist.org/downloads/",
            "license": [
                "BSD-3-Clause"
            ],
            "authors": [
                {
                    "name": "Kohana Team",
                    "email": "team@kohanaframework.org",
                    "homepage": "http://www.kohanaframework.org",
                    "role": "Maintainer"
                }
            ],
            "description": "PHP_CodeSniffer rules for the Kohana Framework coding style",
            "homepage": "https://github.com/kohana/coding-standards",
            "keywords": [
                "Code style",
                "code standard",
                "coding stanards",
                "kohana",
                "phpcs",
                "standards"
            ],
            "time": "2014-05-27 16:40:02"
        },
        {
            "name": "squizlabs/php_codesniffer",
            "version": "1.5.4",
            "source": {
                "type": "git",
                "url": "https://github.com/squizlabs/PHP_CodeSniffer.git",
                "reference": "4097e2c106e4a32bc234ae880e5585a19137e435"
            },
            "dist": {
                "type": "zip",
                "url": "https://api.github.com/repos/squizlabs/PHP_CodeSniffer/zipball/4097e2c106e4a32bc234ae880e5585a19137e435",
                "reference": "4097e2c106e4a32bc234ae880e5585a19137e435",
                "shasum": ""
            },
            "require": {
                "ext-tokenizer": "*",
                "php": ">=5.1.2"
            },
            "suggest": {
                "phpunit/php-timer": "dev-master"
            },
            "bin": [
                "scripts/phpcs"
            ],
            "type": "library",
            "extra": {
                "branch-alias": {
                    "dev-phpcs-fixer": "2.0.x-dev"
                }
            },
            "autoload": {
                "classmap": [
                    "CodeSniffer.php",
                    "CodeSniffer/CLI.php",
                    "CodeSniffer/Exception.php",
                    "CodeSniffer/File.php",
                    "CodeSniffer/Report.php",
                    "CodeSniffer/Reporting.php",
                    "CodeSniffer/Sniff.php",
                    "CodeSniffer/Tokens.php",
                    "CodeSniffer/Reports/",
                    "CodeSniffer/CommentParser/",
                    "CodeSniffer/Tokenizers/",
                    "CodeSniffer/DocGenerators/",
                    "CodeSniffer/Standards/AbstractPatternSniff.php",
                    "CodeSniffer/Standards/AbstractScopeSniff.php",
                    "CodeSniffer/Standards/AbstractVariableSniff.php",
                    "CodeSniffer/Standards/IncorrectPatternException.php",
                    "CodeSniffer/Standards/Generic/Sniffs/",
                    "CodeSniffer/Standards/MySource/Sniffs/",
                    "CodeSniffer/Standards/PEAR/Sniffs/",
                    "CodeSniffer/Standards/PSR1/Sniffs/",
                    "CodeSniffer/Standards/PSR2/Sniffs/",
                    "CodeSniffer/Standards/Squiz/Sniffs/",
                    "CodeSniffer/Standards/Zend/Sniffs/"
                ]
            },
            "notification-url": "https://packagist.org/downloads/",
            "license": [
                "BSD-3-Clause"
            ],
            "authors": [
                {
                    "name": "Greg Sherwood",
                    "role": "lead"
                }
            ],
            "description": "PHP_CodeSniffer tokenises PHP, JavaScript and CSS files and detects violations of a defined set of coding standards.",
            "homepage": "http://www.squizlabs.com/php-codesniffer",
            "keywords": [
                "phpcs",
                "standards"
            ],
            "time": "2014-08-05 23:54:05"
        }
    ],
    "aliases": [

    ],
    "minimum-stability": "stable",
    "stability-flags": {
        "shadowhand/pagination": 20,
        "kohana-minion/tasks-cache": 20,
        "zeelot/kohana-media": 20,
        "hautelook/phpass": 20
    },
    "prefer-stable": false,
    "platform": [

    ],
    "platform-dev": [

    ]
}
